
Microsoft Visual Studio Solution File, Format Version 12.00
# Visual Studio Version 16
VisualStudioVersion = 16.0.30621.155
MinimumVisualStudioVersion = 10.0.40219.1
Project("{FAE04EC0-301F-11D3-BF4B-00C04F79EFBC}") = "RaschetPokupki", "RaschetPokupki\RaschetPokupki.csproj", "{384C52BE-638E-4BF4-806C-211A4CFE6121}"
EndProject
Global
	GlobalSection(SolutionConfigurationPlatforms) = preSolution
		Debug|Any CPU = Debug|Any CPU
		Release|Any CPU = Release|Any CPU
	EndGlobalSection
	GlobalSection(ProjectConfigurationPlatforms) = postSolution
		{384C52BE-638E-4BF4-806C-211A4CFE6121}.Debug|Any CPU.ActiveCfg = Debug|Any CPU
		{384C52BE-638E-4BF4-806C-211A4CFE6121}.Debug|Any CPU.Build.0 = Debug|Any CPU
		{384C52BE-638E-4BF4-806C-211A4CFE6121}.Release|Any CPU.ActiveCfg = Release|Any CPU
		{384C52BE-638E-4BF4-806C-211A4CFE6121}.Release|Any CPU.Build.0 = Release|Any CPU
	EndGlobalSection
	GlobalSection(SolutionProperties) = preSolution
		HideSolutionNode = FALSE
	EndGlobalSection
	GlobalSection(ExtensibilityGlobals) = postSolution
		SolutionGuid = {FB91BF1A-C79E-4A76-ABD0-FFD961D1A4E0}
	EndGlobalSection
EndGlobal
